
Microsoft Visual Studio Solution File, Format Version 12.00
# Visual Studio Version 16
VisualStudioVersion = 16.0.30114.105
MinimumVisualStudioVersion = 10.0.40219.1
Project("{9A19103F-16F7-4668-BE54-9A1E7A4F7556}") = "CampIntro", "CampIntro\CampIntro.csproj", "{B2E373C8-291D-4B5F-BD09-6C0674E03E7C}"
EndProject
Project("{9A19103F-16F7-4668-BE54-9A1E7A4F7556}") = "Dongular", "Dongular\Dongular.csproj", "{68C5D639-19A0-4CD2-846F-3AA248780CA0}"
EndProject
Project("{9A19103F-16F7-4668-BE54-9A1E7A4F7556}") = "classIntro", "classIntro\classIntro.csproj", "{5B02F2C0-038B-460A-B2EE-A1A89FDC381E}"
EndProject
Project("{9A19103F-16F7-4668-BE54-9A1E7A4F7556}") = "Metotlar", "Metotlar\Metotlar.csproj", "{F86CA9FE-58E6-4B76-8D3D-2D106048733B}"
EndProject
Project("{9A19103F-16F7-4668-BE54-9A1E7A4F7556}") = "Matematik", "Matematik\Matematik.csproj", "{DC1BA5ED-0C1B-4007-8D6D-B1E2656E18FE}"
EndProject
Project("{9A19103F-16F7-4668-BE54-9A1E7A4F7556}") = "DeğerVeReferansTipler", "DeğerVeReferansTipler\DeğerVeReferansTipler.csproj", "{960F01C5-5AA5-4DB5-95D4-D6FCE43FE4BD}"
EndProject
Project("{9A19103F-16F7-4668-BE54-9A1E7A4F7556}") = "OOP1", "OOP1\OOP1.csproj", "{FCA601DB-2090-4DB8-B15C-579A186972E0}"
EndProject
Project("{9A19103F-16F7-4668-BE54-9A1E7A4F7556}") = "Koleksiyonlar", "Koleksiyonlar\Koleksiyonlar.csproj", "{2EA74C1A-3A1F-41C3-B7B3-4BA1A64A9FA6}"
EndProject
Project("{9A19103F-16F7-4668-BE54-9A1E7A4F7556}") = "GenericsIntro", "GenericsIntro\GenericsIntro.csproj", "{805980F8-3346-4205-AA35-9B16E3EABC2A}"
EndProject
Project("{FAE04EC0-301F-11D3-BF4B-00C04F79EFBC}") = "OOP2", "OOP2\OOP2.csproj", "{3CD2B2A6-FC3A-4C04-AD47-8F053F444B33}"
EndProject
Project("{FAE04EC0-301F-11D3-BF4B-00C04F79EFBC}") = "OOP3", "OOP3\OOP3.csproj", "{35D7EC0B-7E3B-433F-A685-E253E871A636}"
EndProject
Global
	GlobalSection(SolutionConfigurationPlatforms) = preSolution
		Debug|Any CPU = Debug|Any CPU
		Release|Any CPU = Release|Any CPU
	EndGlobalSection
	GlobalSection(ProjectConfigurationPlatforms) = postSolution
		{B2E373C8-291D-4B5F-BD09-6C0674E03E7C}.Debug|Any CPU.ActiveCfg = Debug|Any CPU
		{B2E373C8-291D-4B5F-BD09-6C0674E03E7C}.Debug|Any CPU.Build.0 = Debug|Any CPU
		{B2E373C8-291D-4B5F-BD09-6C0674E03E7C}.Release|Any CPU.ActiveCfg = Release|Any CPU
		{B2E373C8-291D-4B5F-BD09-6C0674E03E7C}.Release|Any CPU.Build.0 = Release|Any CPU
		{68C5D639-19A0-4CD2-846F-3AA248780CA0}.Debug|Any CPU.ActiveCfg = Debug|Any CPU
		{68C5D639-19A0-4CD2-846F-3AA248780CA0}.Debug|Any CPU.Build.0 = Debug|Any CPU
		{68C5D639-19A0-4CD2-846F-3AA248780CA0}.Release|Any CPU.ActiveCfg = Release|Any CPU
		{68C5D639-19A0-4CD2-846F-3AA248780CA0}.Release|Any CPU.Build.0 = Release|Any CPU
		{5B02F2C0-038B-460A-B2EE-A1A89FDC381E}.Debug|Any CPU.ActiveCfg = Debug|Any CPU
		{5B02F2C0-038B-460A-B2EE-A1A89FDC381E}.Debug|Any CPU.Build.0 = Debug|Any CPU
		{5B02F2C0-038B-460A-B2EE-A1A89FDC381E}.Release|Any CPU.ActiveCfg = Release|Any CPU
		{5B02F2C0-038B-460A-B2EE-A1A89FDC381E}.Release|Any CPU.Build.0 = Release|Any CPU
		{F86CA9FE-58E6-4B76-8D3D-2D106048733B}.Debug|Any CPU.ActiveCfg = Debug|Any CPU
		{F86CA9FE-58E6-4B76-8D3D-2D106048733B}.Debug|Any CPU.Build.0 = Debug|Any CPU
		{F86CA9FE-58E6-4B76-8D3D-2D106048733B}.Release|Any CPU.ActiveCfg = Release|Any CPU
		{F86CA9FE-58E6-4B76-8D3D-2D106048733B}.Release|Any CPU.Build.0 = Release|Any CPU
		{DC1BA5ED-0C1B-4007-8D6D-B1E2656E18FE}.Debug|Any CPU.ActiveCfg = Debug|Any CPU
		{DC1BA5ED-0C1B-4007-8D6D-B1E2656E18FE}.Debug|Any CPU.Build.0 = Debug|Any CPU
		{DC1BA5ED-0C1B-4007-8D6D-B1E2656E18FE}.Release|Any CPU.ActiveCfg = Release|Any CPU
		{DC1BA5ED-0C1B-4007-8D6D-B1E2656E18FE}.Release|Any CPU.Build.0 = Release|Any CPU
		{960F01C5-5AA5-4DB5-95D4-D6FCE43FE4BD}.Debug|Any CPU.ActiveCfg = Debug|Any CPU
		{960F01C5-5AA5-4DB5-95D4-D6FCE43FE4BD}.Debug|Any CPU.Build.0 = Debug|Any CPU
		{960F01C5-5AA5-4DB5-95D4-D6FCE43FE4BD}.Release|Any CPU.ActiveCfg = Release|Any CPU
		{960F01C5-5AA5-4DB5-95D4-D6FCE43FE4BD}.Release|Any CPU.Build.0 = Release|Any CPU
		{FCA601DB-2090-4DB8-B15C-579A186972E0}.Debug|Any CPU.ActiveCfg = Debug|Any CPU
		{FCA601DB-2090-4DB8-B15C-579A186972E0}.Debug|Any CPU.Build.0 = Debug|Any CPU
		{FCA601DB-2090-4DB8-B15C-579A186972E0}.Release|Any CPU.ActiveCfg = Release|Any CPU
		{FCA601DB-2090-4DB8-B15C-579A186972E0}.Release|Any CPU.Build.0 = Release|Any CPU
		{2EA74C1A-3A1F-41C3-B7B3-4BA1A64A9FA6}.Debug|Any CPU.ActiveCfg = Debug|Any CPU
		{2EA74C1A-3A1F-41C3-B7B3-4BA1A64A9FA6}.Debug|Any CPU.Build.0 = Debug|Any CPU
		{2EA74C1A-3A1F-41C3-B7B3-4BA1A64A9FA6}.Release|Any CPU.ActiveCfg = Release|Any CPU
		{2EA74C1A-3A1F-41C3-B7B3-4BA1A64A9FA6}.Release|Any CPU.Build.0 = Release|Any CPU
		{805980F8-3346-4205-AA35-9B16E3EABC2A}.Debug|Any CPU.ActiveCfg = Debug|Any CPU
		{805980F8-3346-4205-AA35-9B16E3EABC2A}.Debug|Any CPU.Build.0 = Debug|Any CPU
		{805980F8-3346-4205-AA35-9B16E3EABC2A}.Release|Any CPU.ActiveCfg = Release|Any CPU
		{805980F8-3346-4205-AA35-9B16E3EABC2A}.Release|Any CPU.Build.0 = Release|Any CPU
		{3CD2B2A6-FC3A-4C04-AD47-8F053F444B33}.Debug|Any CPU.ActiveCfg = Debug|Any CPU
		{3CD2B2A6-FC3A-4C04-AD47-8F053F444B33}.Debug|Any CPU.Build.0 = Debug|Any CPU
		{3CD2B2A6-FC3A-4C04-AD47-8F053F444B33}.Release|Any CPU.ActiveCfg = Release|Any CPU
		{3CD2B2A6-FC3A-4C04-AD47-8F053F444B33}.Release|Any CPU.Build.0 = Release|Any CPU
		{35D7EC0B-7E3B-433F-A685-E253E871A636}.Debug|Any CPU.ActiveCfg = Debug|Any CPU
		{35D7EC0B-7E3B-433F-A685-E253E871A636}.Debug|Any CPU.Build.0 = Debug|Any CPU
		{35D7EC0B-7E3B-433F-A685-E253E871A636}.Release|Any CPU.ActiveCfg = Release|Any CPU
		{35D7EC0B-7E3B-433F-A685-E253E871A636}.Release|Any CPU.Build.0 = Release|Any CPU
	EndGlobalSection
	GlobalSection(SolutionProperties) = preSolution
		HideSolutionNode = FALSE
	EndGlobalSection
	GlobalSection(ExtensibilityGlobals) = postSolution
		SolutionGuid = {EED5B49E-448F-4716-9156-706AE6A90BC0}
	EndGlobalSection
EndGlobal
